// !$*UTF8*$!
{
	archiveVersion = 1;
	classes = {
	};
	objectVersion = 56;
	objects = {

/* Begin PBXBuildFile section */
		954B6FDC2A4B6E2900035163 /* EditRestaurantView.swift in Sources */ = {isa = PBXBuildFile; fileRef = 954B6FDB2A4B6E2900035163 /* EditRestaurantView.swift */; };
		954B6FDE2A4B75C200035163 /* RestaurantListingView.swift in Sources */ = {isa = PBXBuildFile; fileRef = 954B6FDD2A4B75C200035163 /* RestaurantListingView.swift */; };
		959E8EF12A4B5567001DE092 /* GustoApp.swift in Sources */ = {isa = PBXBuildFile; fileRef = 959E8EF02A4B5567001DE092 /* GustoApp.swift */; };
		959E8EF32A4B5567001DE092 /* ContentView.swift in Sources */ = {isa = PBXBuildFile; fileRef = 959E8EF22A4B5567001DE092 /* ContentView.swift */; };
		959E8EF52A4B5568001DE092 /* Assets.xcassets in Resources */ = {isa = PBXBuildFile; fileRef = 959E8EF42A4B5568001DE092 /* Assets.xcassets */; };
		959E8EF82A4B5568001DE092 /* Preview Assets.xcassets in Resources */ = {isa = PBXBuildFile; fileRef = 959E8EF72A4B5568001DE092 /* Preview Assets.xcassets */; };
		959E8EFF2A4B55B3001DE092 /* Restaurant.swift in Sources */ = {isa = PBXBuildFile; fileRef = 959E8EFE2A4B55B3001DE092 /* Restaurant.swift */; };
/* End PBXBuildFile section */

/* Begin PBXFileReference section */
		954B6FDB2A4B6E2900035163 /* EditRestaurantView.swift */ = {isa = PBXFileReference; lastKnownFileType = sourcecode.swift; path = EditRestaurantView.swift; sourceTree = "<group>"; };
		954B6FDD2A4B75C200035163 /* RestaurantListingView.swift */ = {isa = PBXFileReference; lastKnownFileType = sourcecode.swift; path = RestaurantListingView.swift; sourceTree = "<group>"; };
		959E8EED2A4B5567001DE092 /* Gusto.app */ = {isa = PBXFileReference; explicitFileType = wrapper.application; includeInIndex = 0; path = Gusto.app; sourceTree = BUILT_PRODUCTS_DIR; };
		959E8EF02A4B5567001DE092 /* GustoApp.swift */ = {isa = PBXFileReference; lastKnownFileType = sourcecode.swift; path = GustoApp.swift; sourceTree = "<group>"; };
		959E8EF22A4B5567001DE092 /* ContentView.swift */ = {isa = PBXFileReference; lastKnownFileType = sourcecode.swift; path = ContentView.swift; sourceTree = "<group>"; };
		959E8EF42A4B5568001DE092 /* Assets.xcassets */ = {isa = PBXFileReference; lastKnownFileType = folder.assetcatalog; path = Assets.xcassets; sourceTree = "<group>"; };
		959E8EF72A4B5568001DE092 /* Preview Assets.xcassets */ = {isa = PBXFileReference; lastKnownFileType = folder.assetcatalog; path = "Preview Assets.xcassets"; sourceTree = "<group>"; };
		959E8EFE2A4B55B3001DE092 /* Restaurant.swift */ = {isa = PBXFileReference; lastKnownFileType = sourcecode.swift; path = Restaurant.swift; sourceTree = "<group>"; };
/* End PBXFileReference section */

/* Begin PBXFrameworksBuildPhase section */
		959E8EEA2A4B5567001DE092 /* Frameworks */ = {
			isa = PBXFrameworksBuildPhase;
			buildActionMask = 2147483647;
			files = (
			);
			runOnlyForDeploymentPostprocessing = 0;
		};
/* End PBXFrameworksBuildPhase section */

/* Begin PBXGroup section */
		959E8EE42A4B5567001DE092 = {
			isa = PBXGroup;
			children = (
				959E8EEF2A4B5567001DE092 /* Gusto */,
				959E8EEE2A4B5567001DE092 /* Products */,
			);
			sourceTree = "<group>";
		};
		959E8EEE2A4B5567001DE092 /* Products */ = {
			isa = PBXGroup;
			children = (
				959E8EED2A4B5567001DE092 /* Gusto.app */,
			);
			name = Products;
			sourceTree = "<group>";
		};
		959E8EEF2A4B5567001DE092 /* Gusto */ = {
			isa = PBXGroup;
			children = (
				959E8EF02A4B5567001DE092 /* GustoApp.swift */,
				959E8F002A4B55EF001DE092 /* Models */,
				959E8EF22A4B5567001DE092 /* ContentView.swift */,
				954B6FDB2A4B6E2900035163 /* EditRestaurantView.swift */,
				954B6FDD2A4B75C200035163 /* RestaurantListingView.swift */,
				959E8EF42A4B5568001DE092 /* Assets.xcassets */,
				959E8EF62A4B5568001DE092 /* Preview Content */,
			);
			path = Gusto;
			sourceTree = "<group>";
		};
		959E8EF62A4B5568001DE092 /* Preview Content */ = {
			isa = PBXGroup;
			children = (
				959E8EF72A4B5568001DE092 /* Preview Assets.xcassets */,
			);
			path = "Preview Content";
			sourceTree = "<group>";
		};
		959E8F002A4B55EF001DE092 /* Models */ = {
			isa = PBXGroup;
			children = (
				959E8EFE2A4B55B3001DE092 /* Restaurant.swift */,
			);
			path = Models;
			sourceTree = "<group>";
		};
/* End PBXGroup section */

/* Begin PBXNativeTarget section */
		959E8EEC2A4B5567001DE092 /* Gusto */ = {
			isa = PBXNativeTarget;
			buildConfigurationList = 959E8EFB2A4B5568001DE092 /* Build configuration list for PBXNativeTarget "Gusto" */;
			buildPhases = (
				959E8EE92A4B5567001DE092 /* Sources */,
				959E8EEA2A4B5567001DE092 /* Frameworks */,
				959E8EEB2A4B5567001DE092 /* Resources */,
			);
			buildRules = (
			);
			dependencies = (
			);
			name = Gusto;
			productName = Gusto;
			productReference = 959E8EED2A4B5567001DE092 /* Gusto.app */;
			productType = "com.apple.product-type.application";
		};
/* End PBXNativeTarget section */

/* Begin PBXProject section */
		959E8EE52A4B5567001DE092 /* Project object */ = {
			isa = PBXProject;
			attributes = {
				BuildIndependentTargetsInParallel = 1;
				LastSwiftUpdateCheck = 1500;
				LastUpgradeCheck = 1500;
				TargetAttributes = {
					959E8EEC2A4B5567001DE092 = {
						CreatedOnToolsVersion = 15.0;
					};
				};
			};
			buildConfigurationList = 959E8EE82A4B5567001DE092 /* Build configuration list for PBXProject "Gusto" */;
			compatibilityVersion = "Xcode 14.0";
			developmentRegion = en;
			hasScannedForEncodings = 0;
			knownRegions = (
				en,
				Base,
			);
			mainGroup = 959E8EE42A4B5567001DE092;
			productRefGroup = 959E8EEE2A4B5567001DE092 /* Products */;
			projectDirPath = "";
			projectRoot = "";
			targets = (
				959E8EEC2A4B5567001DE092 /* Gusto */,
			);
		};
/* End PBXProject section */

/* Begin PBXResourcesBuildPhase section */
		959E8EEB2A4B5567001DE092 /* Resources */ = {
			isa = PBXResourcesBuildPhase;
			buildActionMask = 2147483647;
			files = (
				959E8EF82A4B5568001DE092 /* Preview Assets.xcassets in Resources */,
				959E8EF52A4B5568001DE092 /* Assets.xcassets in Resources */,
			);
			runOnlyForDeploymentPostprocessing = 0;
		};
/* End PBXResourcesBuildPhase section */

/* Begin PBXSourcesBuildPhase section */
		959E8EE92A4B5567001DE092 /* Sources */ = {
			isa = PBXSourcesBuildPhase;
			buildActionMask = 2147483647;
			files = (
				959E8EF32A4B5567001DE092 /* ContentView.swift in Sources */,
				954B6FDC2A4B6E2900035163 /* EditRestaurantView.swift in Sources */,
				959E8EF12A4B5567001DE092 /* GustoApp.swift in Sources */,
				954B6FDE2A4B75C200035163 /* RestaurantListingView.swift in Sources */,
				959E8EFF2A4B55B3001DE092 /* Restaurant.swift in Sources */,
			);
			runOnlyForDeploymentPostprocessing = 0;
		};
/* End PBXSourcesBuildPhase section */

/* Begin XCBuildConfiguration section */
		959E8EF92A4B5568001DE092 /* Debug */ = {
			isa = XCBuildConfiguration;
			buildSettings = {
				ALWAYS_SEARCH_USER_PATHS = NO;
				ASSETCATALOG_COMPILER_GENERATE_SWIFT_ASSET_SYMBOL_EXTENSIONS = YES;
				CLANG_ANALYZER_NONNULL = YES;
				CLANG_ANALYZER_NUMBER_OBJECT_CONVERSION = YES_AGGRESSIVE;
				CLANG_CXX_LANGUAGE_STANDARD = "gnu++20";
				CLANG_ENABLE_MODULES = YES;
				CLANG_ENABLE_OBJC_ARC = YES;
				CLANG_ENABLE_OBJC_WEAK = YES;
				CLANG_WARN_BLOCK_CAPTURE_AUTORELEASING = YES;
				CLANG_WARN_BOOL_CONVERSION = YES;
				CLANG_WARN_COMMA = YES;
				CLANG_WARN_CONSTANT_CONVERSION = YES;
				CLANG_WARN_DEPRECATED_OBJC_IMPLEMENTATIONS = YES;
				CLANG_WARN_DIRECT_OBJC_ISA_USAGE = YES_ERROR;
				CLANG_WARN_DOCUMENTATION_COMMENTS = YES;
				CLANG_WARN_EMPTY_BODY = YES;
				CLANG_WARN_ENUM_CONVERSION = YES;
				CLANG_WARN_INFINITE_RECURSION = YES;
				CLANG_WARN_INT_CONVERSION = YES;
				CLANG_WARN_NON_LITERAL_NULL_CONVERSION = YES;
				CLANG_WARN_OBJC_IMPLICIT_RETAIN_SELF = YES;
				CLANG_WARN_OBJC_LITERAL_CONVERSION = YES;
				CLANG_WARN_OBJC_ROOT_CLASS = YES_ERROR;
				CLANG_WARN_QUOTED_INCLUDE_IN_FRAMEWORK_HEADER = YES;
				CLANG_WARN_RANGE_LOOP_ANALYSIS = YES;
				CLANG_WARN_STRICT_PROTOTYPES = YES;
				CLANG_WARN_SUSPICIOUS_MOVE = YES;
				CLANG_WARN_UNGUARDED_AVAILABILITY = YES_AGGRESSIVE;
				CLANG_WARN_UNREACHABLE_CODE = YES;
				CLANG_WARN__DUPLICATE_METHOD_MATCH = YES;
				COPY_PHASE_STRIP = NO;
				DEBUG_INFORMATION_FORMAT = dwarf;
				ENABLE_STRICT_OBJC_MSGSEND = YES;
				ENABLE_TESTABILITY = YES;
				ENABLE_USER_SCRIPT_SANDBOXING = YES;
				GCC_C_LANGUAGE_STANDARD = gnu17;
				GCC_DYNAMIC_NO_PIC = NO;
				GCC_NO_COMMON_BLOCKS = YES;
				GCC_OPTIMIZATION_LEVEL = 0;
				GCC_PREPROCESSOR_DEFINITIONS = (
					"DEBUG=1",
					"$(inherited)",
				);
				GCC_WARN_64_TO_32_BIT_CONVERSION = YES;
				GCC_WARN_ABOUT_RETURN_TYPE = YES_ERROR;
				GCC_WARN_UNDECLARED_SELECTOR = YES;
				GCC_WARN_UNINITIALIZED_AUTOS = YES_AGGRESSIVE;
				GCC_WARN_UNUSED_FUNCTION = YES;
				GCC_WARN_UNUSED_VARIABLE = YES;
				IPHONEOS_DEPLOYMENT_TARGET = 17.0;
				LOCALIZATION_PREFERS_STRING_CATALOGS = YES;
				MTL_ENABLE_DEBUG_INFO = INCLUDE_SOURCE;
				MTL_FAST_MATH = YES;
				ONLY_ACTIVE_ARCH = YES;
				SDKROOT = iphoneos;
				SWIFT_ACTIVE_COMPILATION_CONDITIONS = "DEBUG $(inherited)";
				SWIFT_OPTIMIZATION_LEVEL = "-Onone";
			};
			name = Debug;
		};
		959E8EFA2A4B5568001DE092 /* Release */ = {
			isa = XCBuildConfiguration;
			buildSettings = {
				ALWAYS_SEARCH_USER_PATHS = NO;
				ASSETCATALOG_COMPILER_GENERATE_SWIFT_ASSET_SYMBOL_EXTENSIONS = YES;
				CLANG_ANALYZER_NONNULL = YES;
				CLANG_ANALYZER_NUMBER_OBJECT_CONVERSION = YES_AGGRESSIVE;
				CLANG_CXX_LANGUAGE_STANDARD = "gnu++20";
				CLANG_ENABLE_MODULES = YES;
				CLANG_ENABLE_OBJC_ARC = YES;
				CLANG_ENABLE_OBJC_WEAK = YES;
				CLANG_WARN_BLOCK_CAPTURE_AUTORELEASING = YES;
				CLANG_WARN_BOOL_CONVERSION = YES;
				CLANG_WARN_COMMA = YES;
				CLANG_WARN_CONSTANT_CONVERSION = YES;
				CLANG_WARN_DEPRECATED_OBJC_IMPLEMENTATIONS = YES;
				CLANG_WARN_DIRECT_OBJC_ISA_USAGE = YES_ERROR;
				CLANG_WARN_DOCUMENTATION_COMMENTS = YES;
				CLANG_WARN_EMPTY_BODY = YES;
				CLANG_WARN_ENUM_CONVERSION = YES;
				CLANG_WARN_INFINITE_RECURSION = YES;
				CLANG_WARN_INT_CONVERSION = YES;
				CLANG_WARN_NON_LITERAL_NULL_CONVERSION = YES;
				CLANG_WARN_OBJC_IMPLICIT_RETAIN_SELF = YES;
				CLANG_WARN_OBJC_LITERAL_CONVERSION = YES;
				CLANG_WARN_OBJC_ROOT_CLASS = YES_ERROR;
				CLANG_WARN_QUOTED_INCLUDE_IN_FRAMEWORK_HEADER = YES;
				CLANG_WARN_RANGE_LOOP_ANALYSIS = YES;
				CLANG_WARN_STRICT_PROTOTYPES = YES;
				CLANG_WARN_SUSPICIOUS_MOVE = YES;
				CLANG_WARN_UNGUARDED_AVAILABILITY = YES_AGGRESSIVE;
				CLANG_WARN_UNREACHABLE_CODE = YES;
				CLANG_WARN__DUPLICATE_METHOD_MATCH = YES;
				COPY_PHASE_STRIP = NO;
				DEBUG_INFORMATION_FORMAT = "dwarf-with-dsym";
				ENABLE_NS_ASSERTIONS = NO;
				ENABLE_STRICT_OBJC_MSGSEND = YES;
				ENABLE_USER_SCRIPT_SANDBOXING = YES;
				GCC_C_LANGUAGE_STANDARD = gnu17;
				GCC_NO_COMMON_BLOCKS = YES;
				GCC_WARN_64_TO_32_BIT_CONVERSION = YES;
				GCC_WARN_ABOUT_RETURN_TYPE = YES_ERROR;
				GCC_WARN_UNDECLARED_SELECTOR = YES;
				GCC_WARN_UNINITIALIZED_AUTOS = YES_AGGRESSIVE;
				GCC_WARN_UNUSED_FUNCTION = YES;
				GCC_WARN_UNUSED_VARIABLE = YES;
				IPHONEOS_DEPLOYMENT_TARGET = 17.0;
				LOCALIZATION_PREFERS_STRING_CATALOGS = YES;
				MTL_ENABLE_DEBUG_INFO = NO;
				MTL_FAST_MATH = YES;
				SDKROOT = iphoneos;
				SWIFT_COMPILATION_MODE = wholemodule;
				VALIDATE_PRODUCT = YES;
			};
			name = Release;
		};
		959E8EFC2A4B5568001DE092 /* Debug */ = {
			isa = XCBuildConfiguration;
			buildSettings = {
				ASSETCATALOG_COMPILER_APPICON_NAME = AppIcon;
				ASSETCATALOG_COMPILER_GLOBAL_ACCENT_COLOR_NAME = AccentColor;
				CODE_SIGN_STYLE = Automatic;
				CURRENT_PROJECT_VERSION = 1;
				DEVELOPMENT_ASSET_PATHS = "\"Gusto/Preview Content\"";
				DEVELOPMENT_TEAM = 2BRJ7L3SUQ;
				ENABLE_PREVIEWS = YES;
				GENERATE_INFOPLIST_FILE = YES;
				INFOPLIST_KEY_UIApplicationSceneManifest_Generation = YES;
				INFOPLIST_KEY_UIApplicationSupportsIndirectInputEvents = YES;
				INFOPLIST_KEY_UILaunchScreen_Generation = YES;
				INFOPLIST_KEY_UISupportedInterfaceOrientations_iPad = "UIInterfaceOrientationPortrait UIInterfaceOrientationPortraitUpsideDown UIInterfaceOrientationLandscapeLeft UIInterfaceOrientationLandscapeRight";
				INFOPLIST_KEY_UISupportedInterfaceOrientations_iPhone = "UIInterfaceOrientationPortrait UIInterfaceOrientationLandscapeLeft UIInterfaceOrientationLandscapeRight";
				LD_RUNPATH_SEARCH_PATHS = (
					"$(inherited)",
					"@executable_path/Frameworks",
				);
				MARKETING_VERSION = 1.0;
				PRODUCT_BUNDLE_IDENTIFIER = com.solleveld.Gusto;
				PRODUCT_NAME = "$(TARGET_NAME)";
				SWIFT_EMIT_LOC_STRINGS = YES;
				SWIFT_VERSION = 5.0;
				TARGETED_DEVICE_FAMILY = "1,2";
			};
			name = Debug;
		};
		959E8EFD2A4B5568001DE092 /* Release */ = {
			isa = XCBuildConfiguration;
			buildSettings = {
				ASSETCATALOG_COMPILER_APPICON_NAME = AppIcon;
				ASSETCATALOG_COMPILER_GLOBAL_ACCENT_COLOR_NAME = AccentColor;
				CODE_SIGN_STYLE = Automatic;
				CURRENT_PROJECT_VERSION = 1;
				DEVELOPMENT_ASSET_PATHS = "\"Gusto/Preview Content\"";
				DEVELOPMENT_TEAM = 2BRJ7L3SUQ;
				ENABLE_PREVIEWS = YES;
				GENERATE_INFOPLIST_FILE = YES;
				INFOPLIST_KEY_UIApplicationSceneManifest_Generation = YES;
				INFOPLIST_KEY_UIApplicationSupportsIndirectInputEvents = YES;
				INFOPLIST_KEY_UILaunchScreen_Generation = YES;
				INFOPLIST_KEY_UISupportedInterfaceOrientations_iPad = "UIInterfaceOrientationPortrait UIInterfaceOrientationPortraitUpsideDown UIInterfaceOrientationLandscapeLeft UIInterfaceOrientationLandscapeRight";
				INFOPLIST_KEY_UISupportedInterfaceOrientations_iPhone = "UIInterfaceOrientationPortrait UIInterfaceOrientationLandscapeLeft UIInterfaceOrientationLandscapeRight";
				LD_RUNPATH_SEARCH_PATHS = (
					"$(inherited)",
					"@executable_path/Frameworks",
				);
				MARKETING_VERSION = 1.0;
				PRODUCT_BUNDLE_IDENTIFIER = com.solleveld.Gusto;
				PRODUCT_NAME = "$(TARGET_NAME)";
				SWIFT_EMIT_LOC_STRINGS = YES;
				SWIFT_VERSION = 5.0;
				TARGETED_DEVICE_FAMILY = "1,2";
			};
			name = Release;
		};
/* End XCBuildConfiguration section */

/* Begin XCConfigurationList section */
		959E8EE82A4B5567001DE092 /* Build configuration list for PBXProject "Gusto" */ = {
			isa = XCConfigurationList;
			buildConfigurations = (
				959E8EF92A4B5568001DE092 /* Debug */,
				959E8EFA2A4B5568001DE092 /* Release */,
			);
			defaultConfigurationIsVisible = 0;
			defaultConfigurationName = Release;
		};
		959E8EFB2A4B5568001DE092 /* Build configuration list for PBXNativeTarget "Gusto" */ = {
			isa = XCConfigurationList;
			buildConfigurations = (
				959E8EFC2A4B5568001DE092 /* Debug */,
				959E8EFD2A4B5568001DE092 /* Release */,
			);
			defaultConfigurationIsVisible = 0;
			defaultConfigurationName = Release;
		};
/* End XCConfigurationList section */
	};
	rootObject = 959E8EE52A4B5567001DE092 /* Project object */;
}
